Microsoft Visual Studio Solution File, Format Version 12.00
# Visual Studio Version 17
VisualStudioVersion = 17.5.2.0
MinimumVisualStudioVersion = 10.0.40219.1
Project("{FAE04EC0-301F-11D3-BF4B-00C04F79EFBC}") = "AMSDataLoad", "AMSDataLoad.csproj", "{F1820CF4-236D-A0BD-EE0C-5B08B1B2F07A}"
EndProject
Global
	GlobalSection(SolutionConfigurationPlatforms) = preSolution
		Debug|Any CPU = Debug|Any CPU
		Release|Any CPU = Release|Any CPU
	EndGlobalSection
	GlobalSection(ProjectConfigurationPlatforms) = postSolution
		{F1820CF4-236D-A0BD-EE0C-5B08B1B2F07A}.Debug|Any CPU.ActiveCfg = Debug|Any CPU
		{F1820CF4-236D-A0BD-EE0C-5B08B1B2F07A}.Debug|Any CPU.Build.0 = Debug|Any CPU
		{F1820CF4-236D-A0BD-EE0C-5B08B1B2F07A}.Release|Any CPU.ActiveCfg = Release|Any CPU
		{F1820CF4-236D-A0BD-EE0C-5B08B1B2F07A}.Release|Any CPU.Build.0 = Release|Any CPU
	EndGlobalSection
	GlobalSection(SolutionProperties) = preSolution
		HideSolutionNode = FALSE
	EndGlobalSection
	GlobalSection(ExtensibilityGlobals) = postSolution
		SolutionGuid = {9303C9CD-2234-4695-9996-4685BAC1F065}
	EndGlobalSection
EndGlobal
